
Microsoft Visual Studio Solution File, Format Version 12.00
# Visual Studio 14
VisualStudioVersion = 14.0.25420.1
MinimumVisualStudioVersion = 10.0.40219.1
Project("{FAE04EC0-301F-11D3-BF4B-00C04F79EFBC}") = "MediaLib.App", "MediaLib.App\MediaLib.App\MediaLib.App.csproj", "{65216E0D-A7EE-4DB1-9F79-8DB27D9B4FB4}"
EndProject
Project("{FAE04EC0-301F-11D3-BF4B-00C04F79EFBC}") = "MediaLib.App.Droid", "MediaLib.App\MediaLib.App.Droid\MediaLib.App.Droid.csproj", "{3446418D-5FF6-4AAE-8B01-D523A098677F}"
EndProject
Project("{FAE04EC0-301F-11D3-BF4B-00C04F79EFBC}") = "MediaLib.App.iOS", "MediaLib.App\MediaLib.App.iOS\MediaLib.App.iOS.csproj", "{AA77416A-C0D6-4716-8402-4F34F87B6F16}"
EndProject
Project("{FAE04EC0-301F-11D3-BF4B-00C04F79EFBC}") = "MediaLib.App.WinPhone", "MediaLib.App\MediaLib.App.WinPhone\MediaLib.App.WinPhone.csproj", "{62BDE908-4B4B-4379-8E13-6E0544296838}"
EndProject
Project("{FAE04EC0-301F-11D3-BF4B-00C04F79EFBC}") = "MediaLib.App.UWP", "MediaLib.App\MediaLib.App.UWP\MediaLib.App.UWP.csproj", "{6C0AB41F-9FBF-4E0F-8311-BB01967A42F6}"
EndProject
Project("{FAE04EC0-301F-11D3-BF4B-00C04F79EFBC}") = "MediaLib.App.Windows", "MediaLib.App\MediaLib.App.Windows\MediaLib.App.Windows.csproj", "{3504BE08-03EA-4742-82EA-F84C92E85318}"
EndProject
Global
	GlobalSection(SolutionConfigurationPlatforms) = preSolution
		Ad-Hoc|Any CPU = Ad-Hoc|Any CPU
		Ad-Hoc|ARM = Ad-Hoc|ARM
		Ad-Hoc|iPhone = Ad-Hoc|iPhone
		Ad-Hoc|iPhoneSimulator = Ad-Hoc|iPhoneSimulator
		Ad-Hoc|x64 = Ad-Hoc|x64
		Ad-Hoc|x86 = Ad-Hoc|x86
		AppStore|Any CPU = AppStore|Any CPU
		AppStore|ARM = AppStore|ARM
		AppStore|iPhone = AppStore|iPhone
		AppStore|iPhoneSimulator = AppStore|iPhoneSimulator
		AppStore|x64 = AppStore|x64
		AppStore|x86 = AppStore|x86
		Debug|Any CPU = Debug|Any CPU
		Debug|ARM = Debug|ARM
		Debug|iPhone = Debug|iPhone
		Debug|iPhoneSimulator = Debug|iPhoneSimulator
		Debug|x64 = Debug|x64
		Debug|x86 = Debug|x86
		Release|Any CPU = Release|Any CPU
		Release|ARM = Release|ARM
		Release|iPhone = Release|iPhone
		Release|iPhoneSimulator = Release|iPhoneSimulator
		Release|x64 = Release|x64
		Release|x86 = Release|x86
	EndGlobalSection
	GlobalSection(ProjectConfigurationPlatforms) = postSolution
		{65216E0D-A7EE-4DB1-9F79-8DB27D9B4FB4}.Ad-Hoc|Any CPU.ActiveCfg = Release|Any CPU
		{65216E0D-A7EE-4DB1-9F79-8DB27D9B4FB4}.Ad-Hoc|Any CPU.Build.0 = Release|Any CPU
		{65216E0D-A7EE-4DB1-9F79-8DB27D9B4FB4}.Ad-Hoc|ARM.ActiveCfg = Release|Any CPU
		{65216E0D-A7EE-4DB1-9F79-8DB27D9B4FB4}.Ad-Hoc|ARM.Build.0 = Release|Any CPU
		{65216E0D-A7EE-4DB1-9F79-8DB27D9B4FB4}.Ad-Hoc|iPhone.ActiveCfg = Release|Any CPU
		{65216E0D-A7EE-4DB1-9F79-8DB27D9B4FB4}.Ad-Hoc|iPhone.Build.0 = Release|Any CPU
		{65216E0D-A7EE-4DB1-9F79-8DB27D9B4FB4}.Ad-Hoc|iPhoneSimulator.ActiveCfg = Release|Any CPU
		{65216E0D-A7EE-4DB1-9F79-8DB27D9B4FB4}.Ad-Hoc|iPhoneSimulator.Build.0 = Release|Any CPU
		{65216E0D-A7EE-4DB1-9F79-8DB27D9B4FB4}.Ad-Hoc|x64.ActiveCfg = Release|Any CPU
		{65216E0D-A7EE-4DB1-9F79-8DB27D9B4FB4}.Ad-Hoc|x64.Build.0 = Release|Any CPU
		{65216E0D-A7EE-4DB1-9F79-8DB27D9B4FB4}.Ad-Hoc|x86.ActiveCfg = Release|Any CPU
		{65216E0D-A7EE-4DB1-9F79-8DB27D9B4FB4}.Ad-Hoc|x86.Build.0 = Release|Any CPU
		{65216E0D-A7EE-4DB1-9F79-8DB27D9B4FB4}.AppStore|Any CPU.ActiveCfg = Release|Any CPU
		{65216E0D-A7EE-4DB1-9F79-8DB27D9B4FB4}.AppStore|Any CPU.Build.0 = Release|Any CPU
		{65216E0D-A7EE-4DB1-9F79-8DB27D9B4FB4}.AppStore|ARM.ActiveCfg = Release|Any CPU
		{65216E0D-A7EE-4DB1-9F79-8DB27D9B4FB4}.AppStore|ARM.Build.0 = Release|Any CPU
		{65216E0D-A7EE-4DB1-9F79-8DB27D9B4FB4}.AppStore|iPhone.ActiveCfg = Release|Any CPU
		{65216E0D-A7EE-4DB1-9F79-8DB27D9B4FB4}.AppStore|iPhone.Build.0 = Release|Any CPU
		{65216E0D-A7EE-4DB1-9F79-8DB27D9B4FB4}.AppStore|iPhoneSimulator.ActiveCfg = Release|Any CPU
		{65216E0D-A7EE-4DB1-9F79-8DB27D9B4FB4}.AppStore|iPhoneSimulator.Build.0 = Release|Any CPU
		{65216E0D-A7EE-4DB1-9F79-8DB27D9B4FB4}.AppStore|x64.ActiveCfg = Release|Any CPU
		{65216E0D-A7EE-4DB1-9F79-8DB27D9B4FB4}.AppStore|x64.Build.0 = Release|Any CPU
		{65216E0D-A7EE-4DB1-9F79-8DB27D9B4FB4}.AppStore|x86.ActiveCfg = Release|Any CPU
		{65216E0D-A7EE-4DB1-9F79-8DB27D9B4FB4}.AppStore|x86.Build.0 = Release|Any CPU
		{65216E0D-A7EE-4DB1-9F79-8DB27D9B4FB4}.Debug|Any CPU.ActiveCfg = Debug|Any CPU
		{65216E0D-A7EE-4DB1-9F79-8DB27D9B4FB4}.Debug|Any CPU.Build.0 = Debug|Any CPU
		{65216E0D-A7EE-4DB1-9F79-8DB27D9B4FB4}.Debug|ARM.ActiveCfg = Debug|Any CPU
		{65216E0D-A7EE-4DB1-9F79-8DB27D9B4FB4}.Debug|ARM.Build.0 = Debug|Any CPU
		{65216E0D-A7EE-4DB1-9F79-8DB27D9B4FB4}.Debug|iPhone.ActiveCfg = Debug|Any CPU
		{65216E0D-A7EE-4DB1-9F79-8DB27D9B4FB4}.Debug|iPhone.Build.0 = Debug|Any CPU
		{65216E0D-A7EE-4DB1-9F79-8DB27D9B4FB4}.Debug|iPhoneSimulator.ActiveCfg = Debug|Any CPU
		{65216E0D-A7EE-4DB1-9F79-8DB27D9B4FB4}.Debug|iPhoneSimulator.Build.0 = Debug|Any CPU
		{65216E0D-A7EE-4DB1-9F79-8DB27D9B4FB4}.Debug|x64.ActiveCfg = Debug|Any CPU
		{65216E0D-A7EE-4DB1-9F79-8DB27D9B4FB4}.Debug|x64.Build.0 = Debug|Any CPU
		{65216E0D-A7EE-4DB1-9F79-8DB27D9B4FB4}.Debug|x86.ActiveCfg = Debug|Any CPU
		{65216E0D-A7EE-4DB1-9F79-8DB27D9B4FB4}.Debug|x86.Build.0 = Debug|Any CPU
		{65216E0D-A7EE-4DB1-9F79-8DB27D9B4FB4}.Release|Any CPU.ActiveCfg = Release|Any CPU
		{65216E0D-A7EE-4DB1-9F79-8DB27D9B4FB4}.Release|Any CPU.Build.0 = Release|Any CPU
		{65216E0D-A7EE-4DB1-9F79-8DB27D9B4FB4}.Release|ARM.ActiveCfg = Release|Any CPU
		{65216E0D-A7EE-4DB1-9F79-8DB27D9B4FB4}.Release|ARM.Build.0 = Release|Any CPU
		{65216E0D-A7EE-4DB1-9F79-8DB27D9B4FB4}.Release|iPhone.ActiveCfg = Release|Any CPU
		{65216E0D-A7EE-4DB1-9F79-8DB27D9B4FB4}.Release|iPhone.Build.0 = Release|Any CPU
		{65216E0D-A7EE-4DB1-9F79-8DB27D9B4FB4}.Release|iPhoneSimulator.ActiveCfg = Release|Any CPU
		{65216E0D-A7EE-4DB1-9F79-8DB27D9B4FB4}.Release|iPhoneSimulator.Build.0 = Release|Any CPU
		{65216E0D-A7EE-4DB1-9F79-8DB27D9B4FB4}.Release|x64.ActiveCfg = Release|Any CPU
		{65216E0D-A7EE-4DB1-9F79-8DB27D9B4FB4}.Release|x64.Build.0 = Release|Any CPU
		{65216E0D-A7EE-4DB1-9F79-8DB27D9B4FB4}.Release|x86.ActiveCfg = Release|Any CPU
		{65216E0D-A7EE-4DB1-9F79-8DB27D9B4FB4}.Release|x86.Build.0 = Release|Any CPU
		{3446418D-5FF6-4AAE-8B01-D523A098677F}.Ad-Hoc|Any CPU.ActiveCfg = Release|Any CPU
		{3446418D-5FF6-4AAE-8B01-D523A098677F}.Ad-Hoc|Any CPU.Build.0 = Release|Any CPU
		{3446418D-5FF6-4AAE-8B01-D523A098677F}.Ad-Hoc|Any CPU.Deploy.0 = Release|Any CPU
		{3446418D-5FF6-4AAE-8B01-D523A098677F}.Ad-Hoc|ARM.ActiveCfg = Release|Any CPU
		{3446418D-5FF6-4AAE-8B01-D523A098677F}.Ad-Hoc|ARM.Build.0 = Release|Any CPU
		{3446418D-5FF6-4AAE-8B01-D523A098677F}.Ad-Hoc|ARM.Deploy.0 = Release|Any CPU
		{3446418D-5FF6-4AAE-8B01-D523A098677F}.Ad-Hoc|iPhone.ActiveCfg = Release|Any CPU
		{3446418D-5FF6-4AAE-8B01-D523A098677F}.Ad-Hoc|iPhoneSimulator.ActiveCfg = Release|Any CPU
		{3446418D-5FF6-4AAE-8B01-D523A098677F}.Ad-Hoc|x64.ActiveCfg = Release|Any CPU
		{3446418D-5FF6-4AAE-8B01-D523A098677F}.Ad-Hoc|x64.Build.0 = Release|Any CPU
		{3446418D-5FF6-4AAE-8B01-D523A098677F}.Ad-Hoc|x64.Deploy.0 = Release|Any CPU
		{3446418D-5FF6-4AAE-8B01-D523A098677F}.Ad-Hoc|x86.ActiveCfg = Release|Any CPU
		{3446418D-5FF6-4AAE-8B01-D523A098677F}.Ad-Hoc|x86.Build.0 = Release|Any CPU
		{3446418D-5FF6-4AAE-8B01-D523A098677F}.Ad-Hoc|x86.Deploy.0 = Release|Any CPU
		{3446418D-5FF6-4AAE-8B01-D523A098677F}.AppStore|Any CPU.ActiveCfg = Release|Any CPU
		{3446418D-5FF6-4AAE-8B01-D523A098677F}.AppStore|Any CPU.Build.0 = Release|Any CPU
		{3446418D-5FF6-4AAE-8B01-D523A098677F}.AppStore|Any CPU.Deploy.0 = Release|Any CPU
		{3446418D-5FF6-4AAE-8B01-D523A098677F}.AppStore|ARM.ActiveCfg = Release|Any CPU
		{3446418D-5FF6-4AAE-8B01-D523A098677F}.AppStore|ARM.Build.0 = Release|Any CPU
		{3446418D-5FF6-4AAE-8B01-D523A098677F}.AppStore|ARM.Deploy.0 = Release|Any CPU
		{3446418D-5FF6-4AAE-8B01-D523A098677F}.AppStore|iPhone.ActiveCfg = Release|Any CPU
		{3446418D-5FF6-4AAE-8B01-D523A098677F}.AppStore|iPhoneSimulator.ActiveCfg = Release|Any CPU
		{3446418D-5FF6-4AAE-8B01-D523A098677F}.AppStore|iPhoneSimulator.Build.0 = Release|Any CPU
		{3446418D-5FF6-4AAE-8B01-D523A098677F}.AppStore|iPhoneSimulator.Deploy.0 = Release|Any CPU
		{3446418D-5FF6-4AAE-8B01-D523A098677F}.AppStore|x64.ActiveCfg = Release|Any CPU
		{3446418D-5FF6-4AAE-8B01-D523A098677F}.AppStore|x64.Build.0 = Release|Any CPU
		{3446418D-5FF6-4AAE-8B01-D523A098677F}.AppStore|x64.Deploy.0 = Release|Any CPU
		{3446418D-5FF6-4AAE-8B01-D523A098677F}.AppStore|x86.ActiveCfg = Release|Any CPU
		{3446418D-5FF6-4AAE-8B01-D523A098677F}.AppStore|x86.Build.0 = Release|Any CPU
		{3446418D-5FF6-4AAE-8B01-D523A098677F}.AppStore|x86.Deploy.0 = Release|Any CPU
		{3446418D-5FF6-4AAE-8B01-D523A098677F}.Debug|Any CPU.ActiveCfg = Debug|Any CPU
		{3446418D-5FF6-4AAE-8B01-D523A098677F}.Debug|Any CPU.Build.0 = Debug|Any CPU
		{3446418D-5FF6-4AAE-8B01-D523A098677F}.Debug|Any CPU.Deploy.0 = Debug|Any CPU
		{3446418D-5FF6-4AAE-8B01-D523A098677F}.Debug|ARM.ActiveCfg = Debug|Any CPU
		{3446418D-5FF6-4AAE-8B01-D523A098677F}.Debug|ARM.Build.0 = Debug|Any CPU
		{3446418D-5FF6-4AAE-8B01-D523A098677F}.Debug|ARM.Deploy.0 = Debug|Any CPU
		{3446418D-5FF6-4AAE-8B01-D523A098677F}.Debug|iPhone.ActiveCfg = Debug|Any CPU
		{3446418D-5FF6-4AAE-8B01-D523A098677F}.Debug|iPhoneSimulator.ActiveCfg = Debug|Any CPU
		{3446418D-5FF6-4AAE-8B01-D523A098677F}.Debug|iPhoneSimulator.Build.0 = Debug|Any CPU
		{3446418D-5FF6-4AAE-8B01-D523A098677F}.Debug|iPhoneSimulator.Deploy.0 = Debug|Any CPU
		{3446418D-5FF6-4AAE-8B01-D523A098677F}.Debug|x64.ActiveCfg = Debug|Any CPU
		{3446418D-5FF6-4AAE-8B01-D523A098677F}.Debug|x64.Build.0 = Debug|Any CPU
		{3446418D-5FF6-4AAE-8B01-D523A098677F}.Debug|x64.Deploy.0 = Debug|Any CPU
		{3446418D-5FF6-4AAE-8B01-D523A098677F}.Debug|x86.ActiveCfg = Debug|Any CPU
		{3446418D-5FF6-4AAE-8B01-D523A098677F}.Debug|x86.Build.0 = Debug|Any CPU
		{3446418D-5FF6-4AAE-8B01-D523A098677F}.Debug|x86.Deploy.0 = Debug|Any CPU
		{3446418D-5FF6-4AAE-8B01-D523A098677F}.Release|Any CPU.ActiveCfg = Release|Any CPU
		{3446418D-5FF6-4AAE-8B01-D523A098677F}.Release|Any CPU.Build.0 = Release|Any CPU
		{3446418D-5FF6-4AAE-8B01-D523A098677F}.Release|Any CPU.Deploy.0 = Release|Any CPU
		{3446418D-5FF6-4AAE-8B01-D523A098677F}.Release|ARM.ActiveCfg = Release|Any CPU
		{3446418D-5FF6-4AAE-8B01-D523A098677F}.Release|ARM.Build.0 = Release|Any CPU
		{3446418D-5FF6-4AAE-8B01-D523A098677F}.Release|ARM.Deploy.0 = Release|Any CPU
		{3446418D-5FF6-4AAE-8B01-D523A098677F}.Release|iPhone.ActiveCfg = Release|Any CPU
		{3446418D-5FF6-4AAE-8B01-D523A098677F}.Release|iPhoneSimulator.ActiveCfg = Release|Any CPU
		{3446418D-5FF6-4AAE-8B01-D523A098677F}.Release|iPhoneSimulator.Build.0 = Release|Any CPU
		{3446418D-5FF6-4AAE-8B01-D523A098677F}.Release|iPhoneSimulator.Deploy.0 = Release|Any CPU
		{3446418D-5FF6-4AAE-8B01-D523A098677F}.Release|x64.ActiveCfg = Release|Any CPU
		{3446418D-5FF6-4AAE-8B01-D523A098677F}.Release|x64.Build.0 = Release|Any CPU
		{3446418D-5FF6-4AAE-8B01-D523A098677F}.Release|x64.Deploy.0 = Release|Any CPU
		{3446418D-5FF6-4AAE-8B01-D523A098677F}.Release|x86.ActiveCfg = Release|Any CPU
		{3446418D-5FF6-4AAE-8B01-D523A098677F}.Release|x86.Build.0 = Release|Any CPU
		{3446418D-5FF6-4AAE-8B01-D523A098677F}.Release|x86.Deploy.0 = Release|Any CPU
		{AA77416A-C0D6-4716-8402-4F34F87B6F16}.Ad-Hoc|Any CPU.ActiveCfg = Ad-Hoc|iPhone
		{AA77416A-C0D6-4716-8402-4F34F87B6F16}.Ad-Hoc|ARM.ActiveCfg = Ad-Hoc|iPhone
		{AA77416A-C0D6-4716-8402-4F34F87B6F16}.Ad-Hoc|iPhone.ActiveCfg = Ad-Hoc|iPhone
		{AA77416A-C0D6-4716-8402-4F34F87B6F16}.Ad-Hoc|iPhone.Build.0 = Ad-Hoc|iPhone
		{AA77416A-C0D6-4716-8402-4F34F87B6F16}.Ad-Hoc|iPhoneSimulator.ActiveCfg = Ad-Hoc|iPhoneSimulator
		{AA77416A-C0D6-4716-8402-4F34F87B6F16}.Ad-Hoc|iPhoneSimulator.Build.0 = Ad-Hoc|iPhoneSimulator
		{AA77416A-C0D6-4716-8402-4F34F87B6F16}.Ad-Hoc|x64.ActiveCfg = Ad-Hoc|iPhone
		{AA77416A-C0D6-4716-8402-4F34F87B6F16}.Ad-Hoc|x86.ActiveCfg = Ad-Hoc|iPhone
		{AA77416A-C0D6-4716-8402-4F34F87B6F16}.AppStore|Any CPU.ActiveCfg = AppStore|iPhone
		{AA77416A-C0D6-4716-8402-4F34F87B6F16}.AppStore|ARM.ActiveCfg = AppStore|iPhone
		{AA77416A-C0D6-4716-8402-4F34F87B6F16}.AppStore|iPhone.ActiveCfg = AppStore|iPhone
		{AA77416A-C0D6-4716-8402-4F34F87B6F16}.AppStore|iPhone.Build.0 = AppStore|iPhone
		{AA77416A-C0D6-4716-8402-4F34F87B6F16}.AppStore|iPhoneSimulator.ActiveCfg = AppStore|iPhoneSimulator
		{AA77416A-C0D6-4716-8402-4F34F87B6F16}.AppStore|iPhoneSimulator.Build.0 = AppStore|iPhoneSimulator
		{AA77416A-C0D6-4716-8402-4F34F87B6F16}.AppStore|x64.ActiveCfg = AppStore|iPhone
		{AA77416A-C0D6-4716-8402-4F34F87B6F16}.AppStore|x86.ActiveCfg = AppStore|iPhone
		{AA77416A-C0D6-4716-8402-4F34F87B6F16}.Debug|Any CPU.ActiveCfg = Debug|iPhone
		{AA77416A-C0D6-4716-8402-4F34F87B6F16}.Debug|ARM.ActiveCfg = Debug|iPhone
		{AA77416A-C0D6-4716-8402-4F34F87B6F16}.Debug|iPhone.ActiveCfg = Debug|iPhone
		{AA77416A-C0D6-4716-8402-4F34F87B6F16}.Debug|iPhone.Build.0 = Debug|iPhone
		{AA77416A-C0D6-4716-8402-4F34F87B6F16}.Debug|iPhoneSimulator.ActiveCfg = Debug|iPhoneSimulator
		{AA77416A-C0D6-4716-8402-4F34F87B6F16}.Debug|iPhoneSimulator.Build.0 = Debug|iPhoneSimulator
		{AA77416A-C0D6-4716-8402-4F34F87B6F16}.Debug|x64.ActiveCfg = Debug|iPhone
		{AA77416A-C0D6-4716-8402-4F34F87B6F16}.Debug|x86.ActiveCfg = Debug|iPhone
		{AA77416A-C0D6-4716-8402-4F34F87B6F16}.Release|Any CPU.ActiveCfg = Release|iPhone
		{AA77416A-C0D6-4716-8402-4F34F87B6F16}.Release|ARM.ActiveCfg = Release|iPhone
		{AA77416A-C0D6-4716-8402-4F34F87B6F16}.Release|iPhone.ActiveCfg = Release|iPhone
		{AA77416A-C0D6-4716-8402-4F34F87B6F16}.Release|iPhone.Build.0 = Release|iPhone
		{AA77416A-C0D6-4716-8402-4F34F87B6F16}.Release|iPhoneSimulator.ActiveCfg = Release|iPhoneSimulator
		{AA77416A-C0D6-4716-8402-4F34F87B6F16}.Release|iPhoneSimulator.Build.0 = Release|iPhoneSimulator
		{AA77416A-C0D6-4716-8402-4F34F87B6F16}.Release|x64.ActiveCfg = Release|iPhone
		{AA77416A-C0D6-4716-8402-4F34F87B6F16}.Release|x86.ActiveCfg = Release|iPhone
		{62BDE908-4B4B-4379-8E13-6E0544296838}.Ad-Hoc|Any CPU.ActiveCfg = Release|Any CPU
		{62BDE908-4B4B-4379-8E13-6E0544296838}.Ad-Hoc|Any CPU.Build.0 = Release|Any CPU
		{62BDE908-4B4B-4379-8E13-6E0544296838}.Ad-Hoc|Any CPU.Deploy.0 = Release|Any CPU
		{62BDE908-4B4B-4379-8E13-6E0544296838}.Ad-Hoc|ARM.ActiveCfg = Release|ARM
		{62BDE908-4B4B-4379-8E13-6E0544296838}.Ad-Hoc|ARM.Build.0 = Release|ARM
		{62BDE908-4B4B-4379-8E13-6E0544296838}.Ad-Hoc|ARM.Deploy.0 = Release|ARM
		{62BDE908-4B4B-4379-8E13-6E0544296838}.Ad-Hoc|iPhone.ActiveCfg = Release|Any CPU
		{62BDE908-4B4B-4379-8E13-6E0544296838}.Ad-Hoc|iPhoneSimulator.ActiveCfg = Release|Any CPU
		{62BDE908-4B4B-4379-8E13-6E0544296838}.Ad-Hoc|x64.ActiveCfg = Release|Any CPU
		{62BDE908-4B4B-4379-8E13-6E0544296838}.Ad-Hoc|x64.Build.0 = Release|Any CPU
		{62BDE908-4B4B-4379-8E13-6E0544296838}.Ad-Hoc|x64.Deploy.0 = Release|Any CPU
		{62BDE908-4B4B-4379-8E13-6E0544296838}.Ad-Hoc|x86.ActiveCfg = Release|x86
		{62BDE908-4B4B-4379-8E13-6E0544296838}.Ad-Hoc|x86.Build.0 = Release|x86
		{62BDE908-4B4B-4379-8E13-6E0544296838}.Ad-Hoc|x86.Deploy.0 = Release|x86
		{62BDE908-4B4B-4379-8E13-6E0544296838}.AppStore|Any CPU.ActiveCfg = Release|Any CPU
		{62BDE908-4B4B-4379-8E13-6E0544296838}.AppStore|Any CPU.Build.0 = Release|Any CPU
		{62BDE908-4B4B-4379-8E13-6E0544296838}.AppStore|Any CPU.Deploy.0 = Release|Any CPU
		{62BDE908-4B4B-4379-8E13-6E0544296838}.AppStore|ARM.ActiveCfg = Release|ARM
		{62BDE908-4B4B-4379-8E13-6E0544296838}.AppStore|ARM.Build.0 = Release|ARM
		{62BDE908-4B4B-4379-8E13-6E0544296838}.AppStore|ARM.Deploy.0 = Release|ARM
		{62BDE908-4B4B-4379-8E13-6E0544296838}.AppStore|iPhone.ActiveCfg = Release|Any CPU
		{62BDE908-4B4B-4379-8E13-6E0544296838}.AppStore|iPhoneSimulator.ActiveCfg = Release|Any CPU
		{62BDE908-4B4B-4379-8E13-6E0544296838}.AppStore|iPhoneSimulator.Build.0 = Release|Any CPU
		{62BDE908-4B4B-4379-8E13-6E0544296838}.AppStore|iPhoneSimulator.Deploy.0 = Release|Any CPU
		{62BDE908-4B4B-4379-8E13-6E0544296838}.AppStore|x64.ActiveCfg = Release|Any CPU
		{62BDE908-4B4B-4379-8E13-6E0544296838}.AppStore|x64.Build.0 = Release|Any CPU
		{62BDE908-4B4B-4379-8E13-6E0544296838}.AppStore|x64.Deploy.0 = Release|Any CPU
		{62BDE908-4B4B-4379-8E13-6E0544296838}.AppStore|x86.ActiveCfg = Release|x86
		{62BDE908-4B4B-4379-8E13-6E0544296838}.AppStore|x86.Build.0 = Release|x86
		{62BDE908-4B4B-4379-8E13-6E0544296838}.AppStore|x86.Deploy.0 = Release|x86
		{62BDE908-4B4B-4379-8E13-6E0544296838}.Debug|Any CPU.ActiveCfg = Debug|Any CPU
		{62BDE908-4B4B-4379-8E13-6E0544296838}.Debug|Any CPU.Build.0 = Debug|Any CPU
		{62BDE908-4B4B-4379-8E13-6E0544296838}.Debug|Any CPU.Deploy.0 = Debug|Any CPU
		{62BDE908-4B4B-4379-8E13-6E0544296838}.Debug|ARM.ActiveCfg = Debug|ARM
		{62BDE908-4B4B-4379-8E13-6E0544296838}.Debug|ARM.Build.0 = Debug|ARM
		{62BDE908-4B4B-4379-8E13-6E0544296838}.Debug|ARM.Deploy.0 = Debug|ARM
		{62BDE908-4B4B-4379-8E13-6E0544296838}.Debug|iPhone.ActiveCfg = Debug|Any CPU
		{62BDE908-4B4B-4379-8E13-6E0544296838}.Debug|iPhoneSimulator.ActiveCfg = Debug|Any CPU
		{62BDE908-4B4B-4379-8E13-6E0544296838}.Debug|iPhoneSimulator.Build.0 = Debug|Any CPU
		{62BDE908-4B4B-4379-8E13-6E0544296838}.Debug|iPhoneSimulator.Deploy.0 = Debug|Any CPU
		{62BDE908-4B4B-4379-8E13-6E0544296838}.Debug|x64.ActiveCfg = Debug|Any CPU
		{62BDE908-4B4B-4379-8E13-6E0544296838}.Debug|x64.Build.0 = Debug|Any CPU
		{62BDE908-4B4B-4379-8E13-6E0544296838}.Debug|x64.Deploy.0 = Debug|Any CPU
		{62BDE908-4B4B-4379-8E13-6E0544296838}.Debug|x86.ActiveCfg = Debug|x86
		{62BDE908-4B4B-4379-8E13-6E0544296838}.Debug|x86.Build.0 = Debug|x86
		{62BDE908-4B4B-4379-8E13-6E0544296838}.Debug|x86.Deploy.0 = Debug|x86
		{62BDE908-4B4B-4379-8E13-6E0544296838}.Release|Any CPU.ActiveCfg = Release|Any CPU
		{62BDE908-4B4B-4379-8E13-6E0544296838}.Release|Any CPU.Build.0 = Release|Any CPU
		{62BDE908-4B4B-4379-8E13-6E0544296838}.Release|Any CPU.Deploy.0 = Release|Any CPU
		{62BDE908-4B4B-4379-8E13-6E0544296838}.Release|ARM.ActiveCfg = Release|ARM
		{62BDE908-4B4B-4379-8E13-6E0544296838}.Release|ARM.Build.0 = Release|ARM
		{62BDE908-4B4B-4379-8E13-6E0544296838}.Release|ARM.Deploy.0 = Release|ARM
		{62BDE908-4B4B-4379-8E13-6E0544296838}.Release|iPhone.ActiveCfg = Release|Any CPU
		{62BDE908-4B4B-4379-8E13-6E0544296838}.Release|iPhoneSimulator.ActiveCfg = Release|Any CPU
		{62BDE908-4B4B-4379-8E13-6E0544296838}.Release|iPhoneSimulator.Build.0 = Release|Any CPU
		{62BDE908-4B4B-4379-8E13-6E0544296838}.Release|iPhoneSimulator.Deploy.0 = Release|Any CPU
		{62BDE908-4B4B-4379-8E13-6E0544296838}.Release|x64.ActiveCfg = Release|Any CPU
		{62BDE908-4B4B-4379-8E13-6E0544296838}.Release|x64.Build.0 = Release|Any CPU
		{62BDE908-4B4B-4379-8E13-6E0544296838}.Release|x64.Deploy.0 = Release|Any CPU
		{62BDE908-4B4B-4379-8E13-6E0544296838}.Release|x86.ActiveCfg = Release|x86
		{62BDE908-4B4B-4379-8E13-6E0544296838}.Release|x86.Build.0 = Release|x86
		{62BDE908-4B4B-4379-8E13-6E0544296838}.Release|x86.Deploy.0 = Release|x86
		{6C0AB41F-9FBF-4E0F-8311-BB01967A42F6}.Ad-Hoc|Any CPU.ActiveCfg = Release|x86
		{6C0AB41F-9FBF-4E0F-8311-BB01967A42F6}.Ad-Hoc|Any CPU.Build.0 = Release|x86
		{6C0AB41F-9FBF-4E0F-8311-BB01967A42F6}.Ad-Hoc|Any CPU.Deploy.0 = Release|x86
		{6C0AB41F-9FBF-4E0F-8311-BB01967A42F6}.Ad-Hoc|ARM.ActiveCfg = Release|ARM
		{6C0AB41F-9FBF-4E0F-8311-BB01967A42F6}.Ad-Hoc|ARM.Build.0 = Release|ARM
		{6C0AB41F-9FBF-4E0F-8311-BB01967A42F6}.Ad-Hoc|ARM.Deploy.0 = Release|ARM
		{6C0AB41F-9FBF-4E0F-8311-BB01967A42F6}.Ad-Hoc|iPhone.ActiveCfg = Release|x86
		{6C0AB41F-9FBF-4E0F-8311-BB01967A42F6}.Ad-Hoc|iPhoneSimulator.ActiveCfg = Release|x86
		{6C0AB41F-9FBF-4E0F-8311-BB01967A42F6}.Ad-Hoc|x64.ActiveCfg = Release|x64
		{6C0AB41F-9FBF-4E0F-8311-BB01967A42F6}.Ad-Hoc|x64.Build.0 = Release|x64
		{6C0AB41F-9FBF-4E0F-8311-BB01967A42F6}.Ad-Hoc|x64.Deploy.0 = Release|x64
		{6C0AB41F-9FBF-4E0F-8311-BB01967A42F6}.Ad-Hoc|x86.ActiveCfg = Release|x86
		{6C0AB41F-9FBF-4E0F-8311-BB01967A42F6}.Ad-Hoc|x86.Build.0 = Release|x86
		{6C0AB41F-9FBF-4E0F-8311-BB01967A42F6}.Ad-Hoc|x86.Deploy.0 = Release|x86
		{6C0AB41F-9FBF-4E0F-8311-BB01967A42F6}.AppStore|Any CPU.ActiveCfg = Release|x86
		{6C0AB41F-9FBF-4E0F-8311-BB01967A42F6}.AppStore|Any CPU.Build.0 = Release|x86
		{6C0AB41F-9FBF-4E0F-8311-BB01967A42F6}.AppStore|Any CPU.Deploy.0 = Release|x86
		{6C0AB41F-9FBF-4E0F-8311-BB01967A42F6}.AppStore|ARM.ActiveCfg = Release|ARM
		{6C0AB41F-9FBF-4E0F-8311-BB01967A42F6}.AppStore|ARM.Build.0 = Release|ARM
		{6C0AB41F-9FBF-4E0F-8311-BB01967A42F6}.AppStore|ARM.Deploy.0 = Release|ARM
		{6C0AB41F-9FBF-4E0F-8311-BB01967A42F6}.AppStore|iPhone.ActiveCfg = Release|x86
		{6C0AB41F-9FBF-4E0F-8311-BB01967A42F6}.AppStore|iPhoneSimulator.ActiveCfg = Release|x86
		{6C0AB41F-9FBF-4E0F-8311-BB01967A42F6}.AppStore|iPhoneSimulator.Build.0 = Release|x86
		{6C0AB41F-9FBF-4E0F-8311-BB01967A42F6}.AppStore|iPhoneSimulator.Deploy.0 = Release|x86
		{6C0AB41F-9FBF-4E0F-8311-BB01967A42F6}.AppStore|x64.ActiveCfg = Release|x64
		{6C0AB41F-9FBF-4E0F-8311-BB01967A42F6}.AppStore|x64.Build.0 = Release|x64
		{6C0AB41F-9FBF-4E0F-8311-BB01967A42F6}.AppStore|x64.Deploy.0 = Release|x64
		{6C0AB41F-9FBF-4E0F-8311-BB01967A42F6}.AppStore|x86.ActiveCfg = Release|x86
		{6C0AB41F-9FBF-4E0F-8311-BB01967A42F6}.AppStore|x86.Build.0 = Release|x86
		{6C0AB41F-9FBF-4E0F-8311-BB01967A42F6}.AppStore|x86.Deploy.0 = Release|x86
		{6C0AB41F-9FBF-4E0F-8311-BB01967A42F6}.Debug|Any CPU.ActiveCfg = Debug|x86
		{6C0AB41F-9FBF-4E0F-8311-BB01967A42F6}.Debug|ARM.ActiveCfg = Debug|ARM
		{6C0AB41F-9FBF-4E0F-8311-BB01967A42F6}.Debug|ARM.Build.0 = Debug|ARM
		{6C0AB41F-9FBF-4E0F-8311-BB01967A42F6}.Debug|ARM.Deploy.0 = Debug|ARM
		{6C0AB41F-9FBF-4E0F-8311-BB01967A42F6}.Debug|iPhone.ActiveCfg = Debug|x86
		{6C0AB41F-9FBF-4E0F-8311-BB01967A42F6}.Debug|iPhoneSimulator.ActiveCfg = Debug|x86
		{6C0AB41F-9FBF-4E0F-8311-BB01967A42F6}.Debug|x64.ActiveCfg = Debug|x64
		{6C0AB41F-9FBF-4E0F-8311-BB01967A42F6}.Debug|x64.Build.0 = Debug|x64
		{6C0AB41F-9FBF-4E0F-8311-BB01967A42F6}.Debug|x64.Deploy.0 = Debug|x64
		{6C0AB41F-9FBF-4E0F-8311-BB01967A42F6}.Debug|x86.ActiveCfg = Debug|x86
		{6C0AB41F-9FBF-4E0F-8311-BB01967A42F6}.Debug|x86.Build.0 = Debug|x86
		{6C0AB41F-9FBF-4E0F-8311-BB01967A42F6}.Debug|x86.Deploy.0 = Debug|x86
		{6C0AB41F-9FBF-4E0F-8311-BB01967A42F6}.Release|Any CPU.ActiveCfg = Release|x86
		{6C0AB41F-9FBF-4E0F-8311-BB01967A42F6}.Release|ARM.ActiveCfg = Release|ARM
		{6C0AB41F-9FBF-4E0F-8311-BB01967A42F6}.Release|ARM.Build.0 = Release|ARM
		{6C0AB41F-9FBF-4E0F-8311-BB01967A42F6}.Release|ARM.Deploy.0 = Release|ARM
		{6C0AB41F-9FBF-4E0F-8311-BB01967A42F6}.Release|iPhone.ActiveCfg = Release|x86
		{6C0AB41F-9FBF-4E0F-8311-BB01967A42F6}.Release|iPhoneSimulator.ActiveCfg = Release|x86
		{6C0AB41F-9FBF-4E0F-8311-BB01967A42F6}.Release|x64.ActiveCfg = Release|x64
		{6C0AB41F-9FBF-4E0F-8311-BB01967A42F6}.Release|x64.Build.0 = Release|x64
		{6C0AB41F-9FBF-4E0F-8311-BB01967A42F6}.Release|x64.Deploy.0 = Release|x64
		{6C0AB41F-9FBF-4E0F-8311-BB01967A42F6}.Release|x86.ActiveCfg = Release|x86
		{6C0AB41F-9FBF-4E0F-8311-BB01967A42F6}.Release|x86.Build.0 = Release|x86
		{6C0AB41F-9FBF-4E0F-8311-BB01967A42F6}.Release|x86.Deploy.0 = Release|x86
		{3504BE08-03EA-4742-82EA-F84C92E85318}.Ad-Hoc|Any CPU.ActiveCfg = Release|Any CPU
		{3504BE08-03EA-4742-82EA-F84C92E85318}.Ad-Hoc|Any CPU.Build.0 = Release|Any CPU
		{3504BE08-03EA-4742-82EA-F84C92E85318}.Ad-Hoc|Any CPU.Deploy.0 = Release|Any CPU
		{3504BE08-03EA-4742-82EA-F84C92E85318}.Ad-Hoc|ARM.ActiveCfg = Release|ARM
		{3504BE08-03EA-4742-82EA-F84C92E85318}.Ad-Hoc|ARM.Build.0 = Release|ARM
		{3504BE08-03EA-4742-82EA-F84C92E85318}.Ad-Hoc|ARM.Deploy.0 = Release|ARM
		{3504BE08-03EA-4742-82EA-F84C92E85318}.Ad-Hoc|iPhone.ActiveCfg = Release|Any CPU
		{3504BE08-03EA-4742-82EA-F84C92E85318}.Ad-Hoc|iPhoneSimulator.ActiveCfg = Release|Any CPU
		{3504BE08-03EA-4742-82EA-F84C92E85318}.Ad-Hoc|x64.ActiveCfg = Release|x64
		{3504BE08-03EA-4742-82EA-F84C92E85318}.Ad-Hoc|x64.Build.0 = Release|x64
		{3504BE08-03EA-4742-82EA-F84C92E85318}.Ad-Hoc|x64.Deploy.0 = Release|x64
		{3504BE08-03EA-4742-82EA-F84C92E85318}.Ad-Hoc|x86.ActiveCfg = Release|x86
		{3504BE08-03EA-4742-82EA-F84C92E85318}.Ad-Hoc|x86.Build.0 = Release|x86
		{3504BE08-03EA-4742-82EA-F84C92E85318}.Ad-Hoc|x86.Deploy.0 = Release|x86
		{3504BE08-03EA-4742-82EA-F84C92E85318}.AppStore|Any CPU.ActiveCfg = Release|Any CPU
		{3504BE08-03EA-4742-82EA-F84C92E85318}.AppStore|Any CPU.Build.0 = Release|Any CPU
		{3504BE08-03EA-4742-82EA-F84C92E85318}.AppStore|Any CPU.Deploy.0 = Release|Any CPU
		{3504BE08-03EA-4742-82EA-F84C92E85318}.AppStore|ARM.ActiveCfg = Release|ARM
		{3504BE08-03EA-4742-82EA-F84C92E85318}.AppStore|ARM.Build.0 = Release|ARM
		{3504BE08-03EA-4742-82EA-F84C92E85318}.AppStore|ARM.Deploy.0 = Release|ARM
		{3504BE08-03EA-4742-82EA-F84C92E85318}.AppStore|iPhone.ActiveCfg = Release|Any CPU
		{3504BE08-03EA-4742-82EA-F84C92E85318}.AppStore|iPhoneSimulator.ActiveCfg = Release|Any CPU
		{3504BE08-03EA-4742-82EA-F84C92E85318}.AppStore|iPhoneSimulator.Build.0 = Release|Any CPU
		{3504BE08-03EA-4742-82EA-F84C92E85318}.AppStore|iPhoneSimulator.Deploy.0 = Release|Any CPU
		{3504BE08-03EA-4742-82EA-F84C92E85318}.AppStore|x64.ActiveCfg = Release|x64
		{3504BE08-03EA-4742-82EA-F84C92E85318}.AppStore|x64.Build.0 = Release|x64
		{3504BE08-03EA-4742-82EA-F84C92E85318}.AppStore|x64.Deploy.0 = Release|x64
		{3504BE08-03EA-4742-82EA-F84C92E85318}.AppStore|x86.ActiveCfg = Release|x86
		{3504BE08-03EA-4742-82EA-F84C92E85318}.AppStore|x86.Build.0 = Release|x86
		{3504BE08-03EA-4742-82EA-F84C92E85318}.AppStore|x86.Deploy.0 = Release|x86
		{3504BE08-03EA-4742-82EA-F84C92E85318}.Debug|Any CPU.ActiveCfg = Debug|Any CPU
		{3504BE08-03EA-4742-82EA-F84C92E85318}.Debug|Any CPU.Build.0 = Debug|Any CPU
		{3504BE08-03EA-4742-82EA-F84C92E85318}.Debug|Any CPU.Deploy.0 = Debug|Any CPU
		{3504BE08-03EA-4742-82EA-F84C92E85318}.Debug|ARM.ActiveCfg = Debug|ARM
		{3504BE08-03EA-4742-82EA-F84C92E85318}.Debug|ARM.Build.0 = Debug|ARM
		{3504BE08-03EA-4742-82EA-F84C92E85318}.Debug|ARM.Deploy.0 = Debug|ARM
		{3504BE08-03EA-4742-82EA-F84C92E85318}.Debug|iPhone.ActiveCfg = Debug|Any CPU
		{3504BE08-03EA-4742-82EA-F84C92E85318}.Debug|iPhoneSimulator.ActiveCfg = Debug|Any CPU
		{3504BE08-03EA-4742-82EA-F84C92E85318}.Debug|iPhoneSimulator.Build.0 = Debug|Any CPU
		{3504BE08-03EA-4742-82EA-F84C92E85318}.Debug|iPhoneSimulator.Deploy.0 = Debug|Any CPU
		{3504BE08-03EA-4742-82EA-F84C92E85318}.Debug|x64.ActiveCfg = Debug|x64
		{3504BE08-03EA-4742-82EA-F84C92E85318}.Debug|x64.Build.0 = Debug|x64
		{3504BE08-03EA-4742-82EA-F84C92E85318}.Debug|x64.Deploy.0 = Debug|x64
		{3504BE08-03EA-4742-82EA-F84C92E85318}.Debug|x86.ActiveCfg = Debug|x86
		{3504BE08-03EA-4742-82EA-F84C92E85318}.Debug|x86.Build.0 = Debug|x86
		{3504BE08-03EA-4742-82EA-F84C92E85318}.Debug|x86.Deploy.0 = Debug|x86
		{3504BE08-03EA-4742-82EA-F84C92E85318}.Release|Any CPU.ActiveCfg = Release|Any CPU
		{3504BE08-03EA-4742-82EA-F84C92E85318}.Release|Any CPU.Build.0 = Release|Any CPU
		{3504BE08-03EA-4742-82EA-F84C92E85318}.Release|Any CPU.Deploy.0 = Release|Any CPU
		{3504BE08-03EA-4742-82EA-F84C92E85318}.Release|ARM.ActiveCfg = Release|ARM
		{3504BE08-03EA-4742-82EA-F84C92E85318}.Release|ARM.Build.0 = Release|ARM
		{3504BE08-03EA-4742-82EA-F84C92E85318}.Release|ARM.Deploy.0 = Release|ARM
		{3504BE08-03EA-4742-82EA-F84C92E85318}.Release|iPhone.ActiveCfg = Release|Any CPU
		{3504BE08-03EA-4742-82EA-F84C92E85318}.Release|iPhoneSimulator.ActiveCfg = Release|Any CPU
		{3504BE08-03EA-4742-82EA-F84C92E85318}.Release|iPhoneSimulator.Build.0 = Release|Any CPU
		{3504BE08-03EA-4742-82EA-F84C92E85318}.Release|iPhoneSimulator.Deploy.0 = Release|Any CPU
		{3504BE08-03EA-4742-82EA-F84C92E85318}.Release|x64.ActiveCfg = Release|x64
		{3504BE08-03EA-4742-82EA-F84C92E85318}.Release|x64.Build.0 = Release|x64
		{3504BE08-03EA-4742-82EA-F84C92E85318}.Release|x64.Deploy.0 = Release|x64
		{3504BE08-03EA-4742-82EA-F84C92E85318}.Release|x86.ActiveCfg = Release|x86
		{3504BE08-03EA-4742-82EA-F84C92E85318}.Release|x86.Build.0 = Release|x86
		{3504BE08-03EA-4742-82EA-F84C92E85318}.Release|x86.Deploy.0 = Release|x86
	EndGlobalSection
	GlobalSection(SolutionProperties) = preSolution
		HideSolutionNode = FALSE
	EndGlobalSection
EndGlobal
